PODS:
  - Alamofire (5.9.1)
  - KakaoSDKAuth (2.22.4):
    - KakaoSDKCommon (= 2.22.4)
  - KakaoSDKCommon (2.22.4):
    - KakaoSDKCommon/Common (= 2.22.4)
    - KakaoSDKCommon/Network (= 2.22.4)
  - KakaoSDKCommon/Common (2.22.4)
  - KakaoSDKCommon/Network (2.22.4):
    - Alamofire (~> 5.9.0)
    - KakaoSDKCommon/Common (= 2.22.4)
  - KakaoSDKUser (2.22.4):
    - KakaoSDKAuth (= 2.22.4)

DEPENDENCIES:
  - Alamofire
  - KakaoSDKAuth
  - KakaoSDKCommon
  - KakaoSDKUser

SPEC REPOS:
  trunk:
    - Alamofire
    - KakaoSDKAuth
    - KakaoSDKCommon
    - KakaoSDKUser

SPEC CHECKSUMS:
  Alamofire: f36a35757af4587d8e4f4bfa223ad10be2422b8c
  KakaoSDKAuth: 61326a4dfa82f0479e6545f4d941aaa15bf86691
  KakaoSDKCommon: f451cec231fa1630ed817721791f3bdd74ed1de7
  KakaoSDKUser: 79e9f3911b26fcfa3bcfc940d460e129e02b7a08

PODFILE CHECKSUM: 0feec6b2d7cd8c81ce4410c56cd73432feaf9655

COCOAPODS: 1.15.2
