// !$*UTF8*$!
{
	archiveVersion = 1;
	classes = {
	};
	objectVersion = 56;
	objects = {

/* Begin PBXBuildFile section */
		2A078AE32C4443B5001E355C /* Applelogin.swift in Sources */ = {isa = PBXBuildFile; fileRef = 2A078AE22C4443B5001E355C /* Applelogin.swift */; };
		902CF9AE2C3DA430005632EE /* PetQnAApp.swift in Sources */ = {isa = PBXBuildFile; fileRef = 902CF9AD2C3DA430005632EE /* PetQnAApp.swift */; };
		902CF9B02C3DA430005632EE /* LoginView.swift in Sources */ = {isa = PBXBuildFile; fileRef = 902CF9AF2C3DA430005632EE /* LoginView.swift */; };
		902CF9B22C3DA432005632EE /* Assets.xcassets in Resources */ = {isa = PBXBuildFile; fileRef = 902CF9B12C3DA432005632EE /* Assets.xcassets */; };
		902CF9B52C3DA432005632EE /* Preview Assets.xcassets in Resources */ = {isa = PBXBuildFile; fileRef = 902CF9B42C3DA432005632EE /* Preview Assets.xcassets */; };
		902CF9BC2C3DA6AC005632EE /* SplashView.swift in Sources */ = {isa = PBXBuildFile; fileRef = 902CF9BB2C3DA6AC005632EE /* SplashView.swift */; };
		902CF9BF2C3E3C33005632EE /* LoginSelectPetView.swift in Sources */ = {isa = PBXBuildFile; fileRef = 902CF9BE2C3E3C33005632EE /* LoginSelectPetView.swift */; };
		902CF9C22C3E448B005632EE /* LoginEnterInfoView.swift in Sources */ = {isa = PBXBuildFile; fileRef = 902CF9C12C3E448B005632EE /* LoginEnterInfoView.swift */; };
		902CF9C62C3E566C005632EE /* Ownglyph meetme.ttf in Resources */ = {isa = PBXBuildFile; fileRef = 902CF9C32C3E566C005632EE /* Ownglyph meetme.ttf */; };
		902CF9CD2C4110BC005632EE /* ImagePicker.swift in Sources */ = {isa = PBXBuildFile; fileRef = 902CF9CC2C4110BC005632EE /* ImagePicker.swift */; };
		9042F7E12C4C13E900F94437 /* TabBarView.swift in Sources */ = {isa = PBXBuildFile; fileRef = 9042F7E02C4C13E900F94437 /* TabBarView.swift */; };
		9042F7E42C4C146400F94437 /* HomeView.swift in Sources */ = {isa = PBXBuildFile; fileRef = 9042F7E32C4C146400F94437 /* HomeView.swift */; };
		9042F7E82C539F5F00F94437 /* AppState.swift in Sources */ = {isa = PBXBuildFile; fileRef = 9042F7E72C539F5F00F94437 /* AppState.swift */; };
		D83554F26C1505A2AA55480A /* Pods_PetQnA.framework in Frameworks */ = {isa = PBXBuildFile; fileRef = D380B6BC9655DE6228021387 /* Pods_PetQnA.framework */; };
		DA0376D12C41609F00B71ACC /* AppDelegate.swift in Sources */ = {isa = PBXBuildFile; fileRef = DA0376D02C41609F00B71ACC /* AppDelegate.swift */; };
		DA0376D72C44067F00B71ACC /* SceneDelegate.swift in Sources */ = {isa = PBXBuildFile; fileRef = DA0376D62C44067F00B71ACC /* SceneDelegate.swift */; };
		DA0376D92C44087100B71ACC /* KakaoAuthVM.swift in Sources */ = {isa = PBXBuildFile; fileRef = DA0376D82C44087100B71ACC /* KakaoAuthVM.swift */; };
		DA03776E2C4D1B0600B71ACC /* DashedLine.swift in Sources */ = {isa = PBXBuildFile; fileRef = DA03776D2C4D1B0600B71ACC /* DashedLine.swift */; };
		DA0377722C4D1E2400B71ACC /* AnswerBottomSheet.swift in Sources */ = {isa = PBXBuildFile; fileRef = DA0377712C4D1E2400B71ACC /* AnswerBottomSheet.swift */; };
		DA0377C82C53D40100B71ACC /* SnackSelectionView.swift in Sources */ = {isa = PBXBuildFile; fileRef = DA0377C72C53D40100B71ACC /* SnackSelectionView.swift */; };
		DA0377CA2C53D41900B71ACC /* SnackDetailView.swift in Sources */ = {isa = PBXBuildFile; fileRef = DA0377C92C53D41900B71ACC /* SnackDetailView.swift */; };
/* End PBXBuildFile section */

/* Begin PBXFileReference section */
		2A078AE12C443F66001E355C /* PetQnA.entitlements */ = {isa = PBXFileReference; lastKnownFileType = text.plist.entitlements; path = PetQnA.entitlements; sourceTree = "<group>"; };
		2A078AE22C4443B5001E355C /* Applelogin.swift */ = {isa = PBXFileReference; lastKnownFileType = sourcecode.swift; path = Applelogin.swift; sourceTree = "<group>"; };
		473B2275C508D24EB599F470 /* Pods-PetQnA.release.xcconfig */ = {isa = PBXFileReference; includeInIndex = 1; lastKnownFileType = text.xcconfig; name = "Pods-PetQnA.release.xcconfig"; path = "Target Support Files/Pods-PetQnA/Pods-PetQnA.release.xcconfig"; sourceTree = "<group>"; };
		902CF9AA2C3DA430005632EE /* PetQnA.app */ = {isa = PBXFileReference; explicitFileType = wrapper.application; includeInIndex = 0; path = PetQnA.app; sourceTree = BUILT_PRODUCTS_DIR; };
		902CF9AD2C3DA430005632EE /* PetQnAApp.swift */ = {isa = PBXFileReference; lastKnownFileType = sourcecode.swift; path = PetQnAApp.swift; sourceTree = "<group>"; };
		902CF9AF2C3DA430005632EE /* LoginView.swift */ = {isa = PBXFileReference; lastKnownFileType = sourcecode.swift; path = LoginView.swift; sourceTree = "<group>"; };
		902CF9B12C3DA432005632EE /* Assets.xcassets */ = {isa = PBXFileReference; lastKnownFileType = folder.assetcatalog; path = Assets.xcassets; sourceTree = "<group>"; };
		902CF9B42C3DA432005632EE /* Preview Assets.xcassets */ = {isa = PBXFileReference; lastKnownFileType = folder.assetcatalog; path = "Preview Assets.xcassets"; sourceTree = "<group>"; };
		902CF9BB2C3DA6AC005632EE /* SplashView.swift */ = {isa = PBXFileReference; lastKnownFileType = sourcecode.swift; path = SplashView.swift; sourceTree = "<group>"; };
		902CF9BE2C3E3C33005632EE /* LoginSelectPetView.swift */ = {isa = PBXFileReference; lastKnownFileType = sourcecode.swift; path = LoginSelectPetView.swift; sourceTree = "<group>"; };
		902CF9C12C3E448B005632EE /* LoginEnterInfoView.swift */ = {isa = PBXFileReference; lastKnownFileType = sourcecode.swift; path = LoginEnterInfoView.swift; sourceTree = "<group>"; };
		902CF9C32C3E566C005632EE /* Ownglyph meetme.ttf */ = {isa = PBXFileReference; lastKnownFileType = file; path = "Ownglyph meetme.ttf"; sourceTree = "<group>"; };
		902CF9C92C3E56FB005632EE /* Info.plist */ = {isa = PBXFileReference; lastKnownFileType = text.plist; path = Info.plist; sourceTree = "<group>"; };
		902CF9CC2C4110BC005632EE /* ImagePicker.swift */ = {isa = PBXFileReference; lastKnownFileType = sourcecode.swift; path = ImagePicker.swift; sourceTree = "<group>"; };
		9042F7E02C4C13E900F94437 /* TabBarView.swift */ = {isa = PBXFileReference; lastKnownFileType = sourcecode.swift; path = TabBarView.swift; sourceTree = "<group>"; };
		9042F7E32C4C146400F94437 /* HomeView.swift */ = {isa = PBXFileReference; lastKnownFileType = sourcecode.swift; path = HomeView.swift; sourceTree = "<group>"; };
		9042F7E72C539F5F00F94437 /* AppState.swift */ = {isa = PBXFileReference; lastKnownFileType = sourcecode.swift; path = AppState.swift; sourceTree = "<group>"; };
		B09AD25227E9FC60850A0BD8 /* Pods-PetQnA.debug.xcconfig */ = {isa = PBXFileReference; includeInIndex = 1; lastKnownFileType = text.xcconfig; name = "Pods-PetQnA.debug.xcconfig"; path = "Target Support Files/Pods-PetQnA/Pods-PetQnA.debug.xcconfig"; sourceTree = "<group>"; };
		D380B6BC9655DE6228021387 /* Pods_PetQnA.framework */ = {isa = PBXFileReference; explicitFileType = wrapper.framework; includeInIndex = 0; path = Pods_PetQnA.framework; sourceTree = BUILT_PRODUCTS_DIR; };
		DA0376D02C41609F00B71ACC /* AppDelegate.swift */ = {isa = PBXFileReference; lastKnownFileType = sourcecode.swift; path = AppDelegate.swift; sourceTree = "<group>"; };
		DA0376D62C44067F00B71ACC /* SceneDelegate.swift */ = {isa = PBXFileReference; lastKnownFileType = sourcecode.swift; path = SceneDelegate.swift; sourceTree = "<group>"; };
		DA0376D82C44087100B71ACC /* KakaoAuthVM.swift */ = {isa = PBXFileReference; lastKnownFileType = sourcecode.swift; path = KakaoAuthVM.swift; sourceTree = "<group>"; };
		DA03776D2C4D1B0600B71ACC /* DashedLine.swift */ = {isa = PBXFileReference; lastKnownFileType = sourcecode.swift; path = DashedLine.swift; sourceTree = "<group>"; };
		DA0377712C4D1E2400B71ACC /* AnswerBottomSheet.swift */ = {isa = PBXFileReference; lastKnownFileType = sourcecode.swift; path = AnswerBottomSheet.swift; sourceTree = "<group>"; };
		DA0377C72C53D40100B71ACC /* SnackSelectionView.swift */ = {isa = PBXFileReference; lastKnownFileType = sourcecode.swift; path = SnackSelectionView.swift; sourceTree = "<group>"; };
		DA0377C92C53D41900B71ACC /* SnackDetailView.swift */ = {isa = PBXFileReference; lastKnownFileType = sourcecode.swift; path = SnackDetailView.swift; sourceTree = "<group>"; };
/* End PBXFileReference section */

/* Begin PBXFrameworksBuildPhase section */
		902CF9A72C3DA430005632EE /* Frameworks */ = {
			isa = PBXFrameworksBuildPhase;
			buildActionMask = 2147483647;
			files = (
				D83554F26C1505A2AA55480A /* Pods_PetQnA.framework in Frameworks */,
			);
			runOnlyForDeploymentPostprocessing = 0;
		};
/* End PBXFrameworksBuildPhase section */

/* Begin PBXGroup section */
		086FE528835E1F09A5B2AD3E /* Pods */ = {
			isa = PBXGroup;
			children = (
				B09AD25227E9FC60850A0BD8 /* Pods-PetQnA.debug.xcconfig */,
				473B2275C508D24EB599F470 /* Pods-PetQnA.release.xcconfig */,
			);
			path = Pods;
			sourceTree = "<group>";
		};
		902CF9A12C3DA430005632EE = {
			isa = PBXGroup;
			children = (
				902CF9AC2C3DA430005632EE /* PetQnA */,
				902CF9AB2C3DA430005632EE /* Products */,
				086FE528835E1F09A5B2AD3E /* Pods */,
				C1D84DCBA30145F87A3DEF55 /* Frameworks */,
			);
			sourceTree = "<group>";
		};
		902CF9AB2C3DA430005632EE /* Products */ = {
			isa = PBXGroup;
			children = (
				902CF9AA2C3DA430005632EE /* PetQnA.app */,
			);
			name = Products;
			sourceTree = "<group>";
		};
		902CF9AC2C3DA430005632EE /* PetQnA */ = {
			isa = PBXGroup;
			children = (
				2A078AE12C443F66001E355C /* PetQnA.entitlements */,
				902CF9C92C3E56FB005632EE /* Info.plist */,
				902CF9AD2C3DA430005632EE /* PetQnAApp.swift */,
				DA0376D02C41609F00B71ACC /* AppDelegate.swift */,
				9042F7E72C539F5F00F94437 /* AppState.swift */,
				DA0376D62C44067F00B71ACC /* SceneDelegate.swift */,
				DA0376D82C44087100B71ACC /* KakaoAuthVM.swift */,
				2A078AE22C4443B5001E355C /* Applelogin.swift */,
				9042F7DF2C4C13CF00F94437 /* View */,
				902CF9CC2C4110BC005632EE /* ImagePicker.swift */,
				902CF9BD2C3E36E6005632EE /* Font */,
				902CF9B12C3DA432005632EE /* Assets.xcassets */,
				902CF9B32C3DA432005632EE /* Preview Content */,
			);
			path = PetQnA;
			sourceTree = "<group>";
		};
		902CF9B32C3DA432005632EE /* Preview Content */ = {
			isa = PBXGroup;
			children = (
				902CF9B42C3DA432005632EE /* Preview Assets.xcassets */,
			);
			path = "Preview Content";
			sourceTree = "<group>";
		};
		902CF9BD2C3E36E6005632EE /* Font */ = {
			isa = PBXGroup;
			children = (
				902CF9C32C3E566C005632EE /* Ownglyph meetme.ttf */,
			);
			path = Font;
			sourceTree = "<group>";
		};
		902CF9C02C3E3C38005632EE /* Login */ = {
			isa = PBXGroup;
			children = (
				902CF9AF2C3DA430005632EE /* LoginView.swift */,
				902CF9C12C3E448B005632EE /* LoginEnterInfoView.swift */,
				902CF9BE2C3E3C33005632EE /* LoginSelectPetView.swift */,
			);
			path = Login;
			sourceTree = "<group>";
		};
		9042F7DF2C4C13CF00F94437 /* View */ = {
			isa = PBXGroup;
			children = (
				9042F7E22C4C144B00F94437 /* Main */,
				902CF9C02C3E3C38005632EE /* Login */,
				9042F7E02C4C13E900F94437 /* TabBarView.swift */,
				902CF9BB2C3DA6AC005632EE /* SplashView.swift */,
			);
			path = View;
			sourceTree = "<group>";
		};
		9042F7E22C4C144B00F94437 /* Main */ = {
			isa = PBXGroup;
			children = (
				9042F7E32C4C146400F94437 /* HomeView.swift */,
				DA03776D2C4D1B0600B71ACC /* DashedLine.swift */,
				DA0377712C4D1E2400B71ACC /* AnswerBottomSheet.swift */,
				DA0377C72C53D40100B71ACC /* SnackSelectionView.swift */,
				DA0377C92C53D41900B71ACC /* SnackDetailView.swift */,
			);
			path = Main;
			sourceTree = "<group>";
		};
		C1D84DCBA30145F87A3DEF55 /* Frameworks */ = {
			isa = PBXGroup;
			children = (
				D380B6BC9655DE6228021387 /* Pods_PetQnA.framework */,
			);
			name = Frameworks;
			sourceTree = "<group>";
		};
/* End PBXGroup section */

/* Begin PBXNativeTarget section */
		902CF9A92C3DA430005632EE /* PetQnA */ = {
			isa = PBXNativeTarget;
			buildConfigurationList = 902CF9B82C3DA432005632EE /* Build configuration list for PBXNativeTarget "PetQnA" */;
			buildPhases = (
				72D548D344A4760108A3CA4E /* [CP] Check Pods Manifest.lock */,
				902CF9A62C3DA430005632EE /* Sources */,
				902CF9A72C3DA430005632EE /* Frameworks */,
				902CF9A82C3DA430005632EE /* Resources */,
				4ADCB95677716D368F4E1F30 /* [CP] Embed Pods Frameworks */,
				E41A8EE1BB0081F251873D87 /* [CP] Copy Pods Resources */,
			);
			buildRules = (
			);
			dependencies = (
			);
			name = PetQnA;
			productName = PetQnA;
			productReference = 902CF9AA2C3DA430005632EE /* PetQnA.app */;
			productType = "com.apple.product-type.application";
		};
/* End PBXNativeTarget section */

/* Begin PBXProject section */
		902CF9A22C3DA430005632EE /* Project object */ = {
			isa = PBXProject;
			attributes = {
				BuildIndependentTargetsInParallel = 1;
				LastSwiftUpdateCheck = 1540;
				LastUpgradeCheck = 1540;
				TargetAttributes = {
					902CF9A92C3DA430005632EE = {
						CreatedOnToolsVersion = 15.4;
					};
				};
			};
			buildConfigurationList = 902CF9A52C3DA430005632EE /* Build configuration list for PBXProject "PetQnA" */;
			compatibilityVersion = "Xcode 14.0";
			developmentRegion = en;
			hasScannedForEncodings = 0;
			knownRegions = (
				en,
				Base,
			);
			mainGroup = 902CF9A12C3DA430005632EE;
			productRefGroup = 902CF9AB2C3DA430005632EE /* Products */;
			projectDirPath = "";
			projectRoot = "";
			targets = (
				902CF9A92C3DA430005632EE /* PetQnA */,
			);
		};
/* End PBXProject section */

/* Begin PBXResourcesBuildPhase section */
		902CF9A82C3DA430005632EE /* Resources */ = {
			isa = PBXResourcesBuildPhase;
			buildActionMask = 2147483647;
			files = (
				902CF9B52C3DA432005632EE /* Preview Assets.xcassets in Resources */,
				902CF9C62C3E566C005632EE /* Ownglyph meetme.ttf in Resources */,
				902CF9B22C3DA432005632EE /* Assets.xcassets in Resources */,
			);
			runOnlyForDeploymentPostprocessing = 0;
		};
/* End PBXResourcesBuildPhase section */

/* Begin PBXShellScriptBuildPhase section */
		4ADCB95677716D368F4E1F30 /* [CP] Embed Pods Frameworks */ = {
			isa = PBXShellScriptBuildPhase;
			buildActionMask = 2147483647;
			files = (
			);
			inputFileListPaths = (
				"${PODS_ROOT}/Target Support Files/Pods-PetQnA/Pods-PetQnA-frameworks-${CONFIGURATION}-input-files.xcfilelist",
			);
			name = "[CP] Embed Pods Frameworks";
			outputFileListPaths = (
				"${PODS_ROOT}/Target Support Files/Pods-PetQnA/Pods-PetQnA-frameworks-${CONFIGURATION}-output-files.xcfilelist",
			);
			runOnlyForDeploymentPostprocessing = 0;
			shellPath = /bin/sh;
			shellScript = "\"${PODS_ROOT}/Target Support Files/Pods-PetQnA/Pods-PetQnA-frameworks.sh\"\n";
			showEnvVarsInLog = 0;
		};
		72D548D344A4760108A3CA4E /* [CP] Check Pods Manifest.lock */ = {
			isa = PBXShellScriptBuildPhase;
			buildActionMask = 2147483647;
			files = (
			);
			inputFileListPaths = (
			);
			inputPaths = (
				"${PODS_PODFILE_DIR_PATH}/Podfile.lock",
				"${PODS_ROOT}/Manifest.lock",
			);
			name = "[CP] Check Pods Manifest.lock";
			outputFileListPaths = (
			);
			outputPaths = (
				"$(DERIVED_FILE_DIR)/Pods-PetQnA-checkManifestLockResult.txt",
			);
			runOnlyForDeploymentPostprocessing = 0;
			shellPath = /bin/sh;
			shellScript = "diff \"${PODS_PODFILE_DIR_PATH}/Podfile.lock\" \"${PODS_ROOT}/Manifest.lock\" > /dev/null\nif [ $? != 0 ] ; then\n    # print error to STDERR\n    echo \"error: The sandbox is not in sync with the Podfile.lock. Run 'pod install' or update your CocoaPods installation.\" >&2\n    exit 1\nfi\n# This output is used by Xcode 'outputs' to avoid re-running this script phase.\necho \"SUCCESS\" > \"${SCRIPT_OUTPUT_FILE_0}\"\n";
			showEnvVarsInLog = 0;
		};
		E41A8EE1BB0081F251873D87 /* [CP] Copy Pods Resources */ = {
			isa = PBXShellScriptBuildPhase;
			buildActionMask = 2147483647;
			files = (
			);
			inputFileListPaths = (
				"${PODS_ROOT}/Target Support Files/Pods-PetQnA/Pods-PetQnA-resources-${CONFIGURATION}-input-files.xcfilelist",
			);
			name = "[CP] Copy Pods Resources";
			outputFileListPaths = (
				"${PODS_ROOT}/Target Support Files/Pods-PetQnA/Pods-PetQnA-resources-${CONFIGURATION}-output-files.xcfilelist",
			);
			runOnlyForDeploymentPostprocessing = 0;
			shellPath = /bin/sh;
			shellScript = "\"${PODS_ROOT}/Target Support Files/Pods-PetQnA/Pods-PetQnA-resources.sh\"\n";
			showEnvVarsInLog = 0;
		};
/* End PBXShellScriptBuildPhase section */

/* Begin PBXSourcesBuildPhase section */
		902CF9A62C3DA430005632EE /* Sources */ = {
			isa = PBXSourcesBuildPhase;
			buildActionMask = 2147483647;
			files = (
				2A078AE32C4443B5001E355C /* Applelogin.swift in Sources */,
				9042F7E12C4C13E900F94437 /* TabBarView.swift in Sources */,
				DA0377C82C53D40100B71ACC /* SnackSelectionView.swift in Sources */,
				902CF9BF2C3E3C33005632EE /* LoginSelectPetView.swift in Sources */,
				DA0376D92C44087100B71ACC /* KakaoAuthVM.swift in Sources */,
				DA0377722C4D1E2400B71ACC /* AnswerBottomSheet.swift in Sources */,
				902CF9C22C3E448B005632EE /* LoginEnterInfoView.swift in Sources */,
				9042F7E82C539F5F00F94437 /* AppState.swift in Sources */,
				902CF9B02C3DA430005632EE /* LoginView.swift in Sources */,
				DA03776E2C4D1B0600B71ACC /* DashedLine.swift in Sources */,
				902CF9CD2C4110BC005632EE /* ImagePicker.swift in Sources */,
				DA0376D12C41609F00B71ACC /* AppDelegate.swift in Sources */,
				902CF9AE2C3DA430005632EE /* PetQnAApp.swift in Sources */,
				9042F7E42C4C146400F94437 /* HomeView.swift in Sources */,
				902CF9BC2C3DA6AC005632EE /* SplashView.swift in Sources */,
				DA0377CA2C53D41900B71ACC /* SnackDetailView.swift in Sources */,
				DA0376D72C44067F00B71ACC /* SceneDelegate.swift in Sources */,
			);
			runOnlyForDeploymentPostprocessing = 0;
		};
/* End PBXSourcesBuildPhase section */

/* Begin XCBuildConfiguration section */
		902CF9B62C3DA432005632EE /* Debug */ = {
			isa = XCBuildConfiguration;
			buildSettings = {
				ALWAYS_SEARCH_USER_PATHS = NO;
				ASSETCATALOG_COMPILER_GENERATE_SWIFT_ASSET_SYMBOL_EXTENSIONS = YES;
				CLANG_ANALYZER_NONNULL = YES;
				CLANG_ANALYZER_NUMBER_OBJECT_CONVERSION = YES_AGGRESSIVE;
				CLANG_CXX_LANGUAGE_STANDARD = "gnu++20";
				CLANG_ENABLE_MODULES = YES;
				CLANG_ENABLE_OBJC_ARC = YES;
				CLANG_ENABLE_OBJC_WEAK = YES;
				CLANG_WARN_BLOCK_CAPTURE_AUTORELEASING = YES;
				CLANG_WARN_BOOL_CONVERSION = YES;
				CLANG_WARN_COMMA = YES;
				CLANG_WARN_CONSTANT_CONVERSION = YES;
				CLANG_WARN_DEPRECATED_OBJC_IMPLEMENTATIONS = YES;
				CLANG_WARN_DIRECT_OBJC_ISA_USAGE = YES_ERROR;
				CLANG_WARN_DOCUMENTATION_COMMENTS = YES;
				CLANG_WARN_EMPTY_BODY = YES;
				CLANG_WARN_ENUM_CONVERSION = YES;
				CLANG_WARN_INFINITE_RECURSION = YES;
				CLANG_WARN_INT_CONVERSION = YES;
				CLANG_WARN_NON_LITERAL_NULL_CONVERSION = YES;
				CLANG_WARN_OBJC_IMPLICIT_RETAIN_SELF = YES;
				CLANG_WARN_OBJC_LITERAL_CONVERSION = YES;
				CLANG_WARN_OBJC_ROOT_CLASS = YES_ERROR;
				CLANG_WARN_QUOTED_INCLUDE_IN_FRAMEWORK_HEADER = YES;
				CLANG_WARN_RANGE_LOOP_ANALYSIS = YES;
				CLANG_WARN_STRICT_PROTOTYPES = YES;
				CLANG_WARN_SUSPICIOUS_MOVE = YES;
				CLANG_WARN_UNGUARDED_AVAILABILITY = YES_AGGRESSIVE;
				CLANG_WARN_UNREACHABLE_CODE = YES;
				CLANG_WARN__DUPLICATE_METHOD_MATCH = YES;
				COPY_PHASE_STRIP = NO;
				DEBUG_INFORMATION_FORMAT = dwarf;
				ENABLE_STRICT_OBJC_MSGSEND = YES;
				ENABLE_TESTABILITY = YES;
				ENABLE_USER_SCRIPT_SANDBOXING = NO;
				GCC_C_LANGUAGE_STANDARD = gnu17;
				GCC_DYNAMIC_NO_PIC = NO;
				GCC_NO_COMMON_BLOCKS = YES;
				GCC_OPTIMIZATION_LEVEL = 0;
				GCC_PREPROCESSOR_DEFINITIONS = (
					"DEBUG=1",
					"$(inherited)",
				);
				GCC_WARN_64_TO_32_BIT_CONVERSION = YES;
				GCC_WARN_ABOUT_RETURN_TYPE = YES_ERROR;
				GCC_WARN_UNDECLARED_SELECTOR = YES;
				GCC_WARN_UNINITIALIZED_AUTOS = YES_AGGRESSIVE;
				GCC_WARN_UNUSED_FUNCTION = YES;
				GCC_WARN_UNUSED_VARIABLE = YES;
				IPHONEOS_DEPLOYMENT_TARGET = 17.5;
				LOCALIZATION_PREFERS_STRING_CATALOGS = YES;
				MTL_ENABLE_DEBUG_INFO = INCLUDE_SOURCE;
				MTL_FAST_MATH = YES;
				ONLY_ACTIVE_ARCH = YES;
				SDKROOT = iphoneos;
				SWIFT_ACTIVE_COMPILATION_CONDITIONS = "DEBUG $(inherited)";
				SWIFT_OPTIMIZATION_LEVEL = "-Onone";
			};
			name = Debug;
		};
		902CF9B72C3DA432005632EE /* Release */ = {
			isa = XCBuildConfiguration;
			buildSettings = {
				ALWAYS_SEARCH_USER_PATHS = NO;
				ASSETCATALOG_COMPILER_GENERATE_SWIFT_ASSET_SYMBOL_EXTENSIONS = YES;
				CLANG_ANALYZER_NONNULL = YES;
				CLANG_ANALYZER_NUMBER_OBJECT_CONVERSION = YES_AGGRESSIVE;
				CLANG_CXX_LANGUAGE_STANDARD = "gnu++20";
				CLANG_ENABLE_MODULES = YES;
				CLANG_ENABLE_OBJC_ARC = YES;
				CLANG_ENABLE_OBJC_WEAK = YES;
				CLANG_WARN_BLOCK_CAPTURE_AUTORELEASING = YES;
				CLANG_WARN_BOOL_CONVERSION = YES;
				CLANG_WARN_COMMA = YES;
				CLANG_WARN_CONSTANT_CONVERSION = YES;
				CLANG_WARN_DEPRECATED_OBJC_IMPLEMENTATIONS = YES;
				CLANG_WARN_DIRECT_OBJC_ISA_USAGE = YES_ERROR;
				CLANG_WARN_DOCUMENTATION_COMMENTS = YES;
				CLANG_WARN_EMPTY_BODY = YES;
				CLANG_WARN_ENUM_CONVERSION = YES;
				CLANG_WARN_INFINITE_RECURSION = YES;
				CLANG_WARN_INT_CONVERSION = YES;
				CLANG_WARN_NON_LITERAL_NULL_CONVERSION = YES;
				CLANG_WARN_OBJC_IMPLICIT_RETAIN_SELF = YES;
				CLANG_WARN_OBJC_LITERAL_CONVERSION = YES;
				CLANG_WARN_OBJC_ROOT_CLASS = YES_ERROR;
				CLANG_WARN_QUOTED_INCLUDE_IN_FRAMEWORK_HEADER = YES;
				CLANG_WARN_RANGE_LOOP_ANALYSIS = YES;
				CLANG_WARN_STRICT_PROTOTYPES = YES;
				CLANG_WARN_SUSPICIOUS_MOVE = YES;
				CLANG_WARN_UNGUARDED_AVAILABILITY = YES_AGGRESSIVE;
				CLANG_WARN_UNREACHABLE_CODE = YES;
				CLANG_WARN__DUPLICATE_METHOD_MATCH = YES;
				COPY_PHASE_STRIP = NO;
				DEBUG_INFORMATION_FORMAT = "dwarf-with-dsym";
				ENABLE_NS_ASSERTIONS = NO;
				ENABLE_STRICT_OBJC_MSGSEND = YES;
				ENABLE_USER_SCRIPT_SANDBOXING = NO;
				GCC_C_LANGUAGE_STANDARD = gnu17;
				GCC_NO_COMMON_BLOCKS = YES;
				GCC_WARN_64_TO_32_BIT_CONVERSION = YES;
				GCC_WARN_ABOUT_RETURN_TYPE = YES_ERROR;
				GCC_WARN_UNDECLARED_SELECTOR = YES;
				GCC_WARN_UNINITIALIZED_AUTOS = YES_AGGRESSIVE;
				GCC_WARN_UNUSED_FUNCTION = YES;
				GCC_WARN_UNUSED_VARIABLE = YES;
				IPHONEOS_DEPLOYMENT_TARGET = 17.5;
				LOCALIZATION_PREFERS_STRING_CATALOGS = YES;
				MTL_ENABLE_DEBUG_INFO = NO;
				MTL_FAST_MATH = YES;
				SDKROOT = iphoneos;
				SWIFT_COMPILATION_MODE = wholemodule;
				VALIDATE_PRODUCT = YES;
			};
			name = Release;
		};
		902CF9B92C3DA432005632EE /* Debug */ = {
			isa = XCBuildConfiguration;
			baseConfigurationReference = B09AD25227E9FC60850A0BD8 /* Pods-PetQnA.debug.xcconfig */;
			buildSettings = {
				ASSETCATALOG_COMPILER_APPICON_NAME = AppIcon;
				ASSETCATALOG_COMPILER_GLOBAL_ACCENT_COLOR_NAME = AccentColor;
				CODE_SIGN_ENTITLEMENTS = PetQnA/PetQnA.entitlements;
				CODE_SIGN_STYLE = Automatic;
				CURRENT_PROJECT_VERSION = 1;
				DEVELOPMENT_ASSET_PATHS = "\"PetQnA/Preview Content\"";
				DEVELOPMENT_TEAM = MJ4X29XXL3;
				ENABLE_PREVIEWS = YES;
				GENERATE_INFOPLIST_FILE = YES;
				INFOPLIST_FILE = PetQnA/Info.plist;
				INFOPLIST_KEY_UIApplicationSceneManifest_Generation = YES;
				INFOPLIST_KEY_UIApplicationSupportsIndirectInputEvents = YES;
				INFOPLIST_KEY_UILaunchScreen_Generation = YES;
				INFOPLIST_KEY_UISupportedInterfaceOrientations_iPad = "UIInterfaceOrientationPortrait UIInterfaceOrientationPortraitUpsideDown UIInterfaceOrientationLandscapeLeft UIInterfaceOrientationLandscapeRight";
				INFOPLIST_KEY_UISupportedInterfaceOrientations_iPhone = "UIInterfaceOrientationPortrait UIInterfaceOrientationLandscapeLeft UIInterfaceOrientationLandscapeRight";
				IPHONEOS_DEPLOYMENT_TARGET = 16.0;
				LD_RUNPATH_SEARCH_PATHS = (
					"$(inherited)",
					"@executable_path/Frameworks",
				);
				MARKETING_VERSION = 1.0;
				PRODUCT_BUNDLE_IDENTIFIER = dongdong.PetQnA;
				PRODUCT_NAME = "$(TARGET_NAME)";
				SWIFT_EMIT_LOC_STRINGS = YES;
				SWIFT_VERSION = 5.0;
				TARGETED_DEVICE_FAMILY = "1,2";
			};
			name = Debug;
		};
		902CF9BA2C3DA432005632EE /* Release */ = {
			isa = XCBuildConfiguration;
			baseConfigurationReference = 473B2275C508D24EB599F470 /* Pods-PetQnA.release.xcconfig */;
			buildSettings = {
				ASSETCATALOG_COMPILER_APPICON_NAME = AppIcon;
				ASSETCATALOG_COMPILER_GLOBAL_ACCENT_COLOR_NAME = AccentColor;
				CODE_SIGN_ENTITLEMENTS = PetQnA/PetQnA.entitlements;
				CODE_SIGN_STYLE = Automatic;
				CURRENT_PROJECT_VERSION = 1;
				DEVELOPMENT_ASSET_PATHS = "\"PetQnA/Preview Content\"";
				DEVELOPMENT_TEAM = MJ4X29XXL3;
				ENABLE_PREVIEWS = YES;
				GENERATE_INFOPLIST_FILE = YES;
				INFOPLIST_FILE = PetQnA/Info.plist;
				INFOPLIST_KEY_UIApplicationSceneManifest_Generation = YES;
				INFOPLIST_KEY_UIApplicationSupportsIndirectInputEvents = YES;
				INFOPLIST_KEY_UILaunchScreen_Generation = YES;
				INFOPLIST_KEY_UISupportedInterfaceOrientations_iPad = "UIInterfaceOrientationPortrait UIInterfaceOrientationPortraitUpsideDown UIInterfaceOrientationLandscapeLeft UIInterfaceOrientationLandscapeRight";
				INFOPLIST_KEY_UISupportedInterfaceOrientations_iPhone = "UIInterfaceOrientationPortrait UIInterfaceOrientationLandscapeLeft UIInterfaceOrientationLandscapeRight";
				IPHONEOS_DEPLOYMENT_TARGET = 16.0;
				LD_RUNPATH_SEARCH_PATHS = (
					"$(inherited)",
					"@executable_path/Frameworks",
				);
				MARKETING_VERSION = 1.0;
				PRODUCT_BUNDLE_IDENTIFIER = dongdong.PetQnA;
				PRODUCT_NAME = "$(TARGET_NAME)";
				SWIFT_EMIT_LOC_STRINGS = YES;
				SWIFT_VERSION = 5.0;
				TARGETED_DEVICE_FAMILY = "1,2";
			};
			name = Release;
		};
/* End XCBuildConfiguration section */

/* Begin XCConfigurationList section */
		902CF9A52C3DA430005632EE /* Build configuration list for PBXProject "PetQnA" */ = {
			isa = XCConfigurationList;
			buildConfigurations = (
				902CF9B62C3DA432005632EE /* Debug */,
				902CF9B72C3DA432005632EE /* Release */,
			);
			defaultConfigurationIsVisible = 0;
			defaultConfigurationName = Release;
		};
		902CF9B82C3DA432005632EE /* Build configuration list for PBXNativeTarget "PetQnA" */ = {
			isa = XCConfigurationList;
			buildConfigurations = (
				902CF9B92C3DA432005632EE /* Debug */,
				902CF9BA2C3DA432005632EE /* Release */,
			);
			defaultConfigurationIsVisible = 0;
			defaultConfigurationName = Release;
		};
/* End XCConfigurationList section */
	};
	rootObject = 902CF9A22C3DA430005632EE /* Project object */;
}
